// !$*UTF8*$!
{
	archiveVersion = 1;
	classes = {
	};
	objectVersion = 77;
	objects = {

/* Begin PBXContainerItemProxy section */
		375F55C72DA7EC800021A52D /* PBXContainerItemProxy */ = {
			isa = PBXContainerItemProxy;
			containerPortal = 375F55AE2DA7EC7E0021A52D /* Project object */;
			proxyType = 1;
			remoteGlobalIDString = 375F55B52DA7EC7E0021A52D;
			remoteInfo = ReceiptTracker;
		};
		375F55D12DA7EC800021A52D /* PBXContainerItemProxy */ = {
			isa = PBXContainerItemProxy;
			containerPortal = 375F55AE2DA7EC7E0021A52D /* Project object */;
			proxyType = 1;
			remoteGlobalIDString = 375F55B52DA7EC7E0021A52D;
			remoteInfo = ReceiptTracker;
		};
/* End PBXContainerItemProxy section */

/* Begin PBXFileReference section */
		375F55B62DA7EC7E0021A52D /* ReceiptTracker.app */ = {isa = PBXFileReference; explicitFileType = wrapper.application; includeInIndex = 0; path = ReceiptTracker.app; sourceTree = BUILT_PRODUCTS_DIR; };
		375F55C62DA7EC800021A52D /* ReceiptTrackerTests.xctest */ = {isa = PBXFileReference; explicitFileType = wrapper.cfbundle; includeInIndex = 0; path = ReceiptTrackerTests.xctest; sourceTree = BUILT_PRODUCTS_DIR; };
		375F55D02DA7EC800021A52D /* ReceiptTrackerUITests.xctest */ = {isa = PBXFileReference; explicitFileType = wrapper.cfbundle; includeInIndex = 0; path = ReceiptTrackerUITests.xctest; sourceTree = BUILT_PRODUCTS_DIR; };
/* End PBXFileReference section */

/* Begin PBXFileSystemSynchronizedRootGroup section */
		375F55B82DA7EC7E0021A52D /* ReceiptTracker */ = {
			isa = PBXFileSystemSynchronizedRootGroup;
			path = ReceiptTracker;
			sourceTree = "<group>";
		};
		375F55C92DA7EC800021A52D /* ReceiptTrackerTests */ = {
			isa = PBXFileSystemSynchronizedRootGroup;
			path = ReceiptTrackerTests;
			sourceTree = "<group>";
		};
		375F55D32DA7EC800021A52D /* ReceiptTrackerUITests */ = {
			isa = PBXFileSystemSynchronizedRootGroup;
			path = ReceiptTrackerUITests;
			sourceTree = "<group>";
		};
/* End PBXFileSystemSynchronizedRootGroup section */

/* Begin PBXFrameworksBuildPhase section */
		375F55B32DA7EC7E0021A52D /* Frameworks */ = {
			isa = PBXFrameworksBuildPhase;
			buildActionMask = 2147483647;
			files = (
			);
			runOnlyForDeploymentPostprocessing = 0;
		};
		375F55C32DA7EC800021A52D /* Frameworks */ = {
			isa = PBXFrameworksBuildPhase;
			buildActionMask = 2147483647;
			files = (
			);
			runOnlyForDeploymentPostprocessing = 0;
		};
		375F55CD2DA7EC800021A52D /* Frameworks */ = {
			isa = PBXFrameworksBuildPhase;
			buildActionMask = 2147483647;
			files = (
			);
			runOnlyForDeploymentPostprocessing = 0;
		};
/* End PBXFrameworksBuildPhase section */

/* Begin PBXGroup section */
		375F55AD2DA7EC7E0021A52D = {
			isa = PBXGroup;
			children = (
				375F55B82DA7EC7E0021A52D /* ReceiptTracker */,
				375F55C92DA7EC800021A52D /* ReceiptTrackerTests */,
				375F55D32DA7EC800021A52D /* ReceiptTrackerUITests */,
				375F55B72DA7EC7E0021A52D /* Products */,
			);
			sourceTree = "<group>";
		};
		375F55B72DA7EC7E0021A52D /* Products */ = {
			isa = PBXGroup;
			children = (
				375F55B62DA7EC7E0021A52D /* ReceiptTracker.app */,
				375F55C62DA7EC800021A52D /* ReceiptTrackerTests.xctest */,
				375F55D02DA7EC800021A52D /* ReceiptTrackerUITests.xctest */,
			);
			name = Products;
			sourceTree = "<group>";
		};
/* End PBXGroup section */

/* Begin PBXNativeTarget section */
		375F55B52DA7EC7E0021A52D /* ReceiptTracker */ = {
			isa = PBXNativeTarget;
			buildConfigurationList = 375F55DA2DA7EC800021A52D /* Build configuration list for PBXNativeTarget "ReceiptTracker" */;
			buildPhases = (
				375F55B22DA7EC7E0021A52D /* Sources */,
				375F55B32DA7EC7E0021A52D /* Frameworks */,
				375F55B42DA7EC7E0021A52D /* Resources */,
			);
			buildRules = (
			);
			dependencies = (
			);
			fileSystemSynchronizedGroups = (
				375F55B82DA7EC7E0021A52D /* ReceiptTracker */,
			);
			name = ReceiptTracker;
			packageProductDependencies = (
			);
			productName = ReceiptTracker;
			productReference = 375F55B62DA7EC7E0021A52D /* ReceiptTracker.app */;
			productType = "com.apple.product-type.application";
		};
		375F55C52DA7EC800021A52D /* ReceiptTrackerTests */ = {
			isa = PBXNativeTarget;
			buildConfigurationList = 375F55DD2DA7EC800021A52D /* Build configuration list for PBXNativeTarget "ReceiptTrackerTests" */;
			buildPhases = (
				375F55C22DA7EC800021A52D /* Sources */,
				375F55C32DA7EC800021A52D /* Frameworks */,
				375F55C42DA7EC800021A52D /* Resources */,
			);
			buildRules = (
			);
			dependencies = (
				375F55C82DA7EC800021A52D /* PBXTargetDependency */,
			);
			fileSystemSynchronizedGroups = (
				375F55C92DA7EC800021A52D /* ReceiptTrackerTests */,
			);
			name = ReceiptTrackerTests;
			packageProductDependencies = (
			);
			productName = ReceiptTrackerTests;
			productReference = 375F55C62DA7EC800021A52D /* ReceiptTrackerTests.xctest */;
			productType = "com.apple.product-type.bundle.unit-test";
		};
		375F55CF2DA7EC800021A52D /* ReceiptTrackerUITests */ = {
			isa = PBXNativeTarget;
			buildConfigurationList = 375F55E02DA7EC800021A52D /* Build configuration list for PBXNativeTarget "ReceiptTrackerUITests" */;
			buildPhases = (
				375F55CC2DA7EC800021A52D /* Sources */,
				375F55CD2DA7EC800021A52D /* Frameworks */,
				375F55CE2DA7EC800021A52D /* Resources */,
			);
			buildRules = (
			);
			dependencies = (
				375F55D22DA7EC800021A52D /* PBXTargetDependency */,
			);
			fileSystemSynchronizedGroups = (
				375F55D32DA7EC800021A52D /* ReceiptTrackerUITests */,
			);
			name = ReceiptTrackerUITests;
			packageProductDependencies = (
			);
			productName = ReceiptTrackerUITests;
			productReference = 375F55D02DA7EC800021A52D /* ReceiptTrackerUITests.xctest */;
			productType = "com.apple.product-type.bundle.ui-testing";
		};
/* End PBXNativeTarget section */

/* Begin PBXProject section */
		375F55AE2DA7EC7E0021A52D /* Project object */ = {
			isa = PBXProject;
			attributes = {
				BuildIndependentTargetsInParallel = 1;
				LastSwiftUpdateCheck = 1620;
				LastUpgradeCheck = 1620;
				TargetAttributes = {
					375F55B52DA7EC7E0021A52D = {
						CreatedOnToolsVersion = 16.2;
					};
					375F55C52DA7EC800021A52D = {
						CreatedOnToolsVersion = 16.2;
						TestTargetID = 375F55B52DA7EC7E0021A52D;
					};
					375F55CF2DA7EC800021A52D = {
						CreatedOnToolsVersion = 16.2;
						TestTargetID = 375F55B52DA7EC7E0021A52D;
					};
				};
			};
			buildConfigurationList = 375F55B12DA7EC7E0021A52D /* Build configuration list for PBXProject "ReceiptTracker" */;
			developmentRegion = en;
			hasScannedForEncodings = 0;
			knownRegions = (
				en,
				Base,
			);
			mainGroup = 375F55AD2DA7EC7E0021A52D;
			minimizedProjectReferenceProxies = 1;
			preferredProjectObjectVersion = 77;
			productRefGroup = 375F55B72DA7EC7E0021A52D /* Products */;
			projectDirPath = "";
			projectRoot = "";
			targets = (
				375F55B52DA7EC7E0021A52D /* ReceiptTracker */,
				375F55C52DA7EC800021A52D /* ReceiptTrackerTests */,
				375F55CF2DA7EC800021A52D /* ReceiptTrackerUITests */,
			);
		};
/* End PBXProject section */

/* Begin PBXResourcesBuildPhase section */
		375F55B42DA7EC7E0021A52D /* Resources */ = {
			isa = PBXResourcesBuildPhase;
			buildActionMask = 2147483647;
			files = (
			);
			runOnlyForDeploymentPostprocessing = 0;
		};
		375F55C42DA7EC800021A52D /* Resources */ = {
			isa = PBXResourcesBuildPhase;
			buildActionMask = 2147483647;
			files = (
			);
			runOnlyForDeploymentPostprocessing = 0;
		};
		375F55CE2DA7EC800021A52D /* Resources */ = {
			isa = PBXResourcesBuildPhase;
			buildActionMask = 2147483647;
			files = (
			);
			runOnlyForDeploymentPostprocessing = 0;
		};
/* End PBXResourcesBuildPhase section */

/* Begin PBXSourcesBuildPhase section */
		375F55B22DA7EC7E0021A52D /* Sources */ = {
			isa = PBXSourcesBuildPhase;
			buildActionMask = 2147483647;
			files = (
			);
			runOnlyForDeploymentPostprocessing = 0;
		};
		375F55C22DA7EC800021A52D /* Sources */ = {
			isa = PBXSourcesBuildPhase;
			buildActionMask = 2147483647;
			files = (
			);
			runOnlyForDeploymentPostprocessing = 0;
		};
		375F55CC2DA7EC800021A52D /* Sources */ = {
			isa = PBXSourcesBuildPhase;
			buildActionMask = 2147483647;
			files = (
			);
			runOnlyForDeploymentPostprocessing = 0;
		};
/* End PBXSourcesBuildPhase section */

/* Begin PBXTargetDependency section */
		375F55C82DA7EC800021A52D /* PBXTargetDependency */ = {
			isa = PBXTargetDependency;
			target = 375F55B52DA7EC7E0021A52D /* ReceiptTracker */;
			targetProxy = 375F55C72DA7EC800021A52D /* PBXContainerItemProxy */;
		};
		375F55D22DA7EC800021A52D /* PBXTargetDependency */ = {
			isa = PBXTargetDependency;
			target = 375F55B52DA7EC7E0021A52D /* ReceiptTracker */;
			targetProxy = 375F55D12DA7EC800021A52D /* PBXContainerItemProxy */;
		};
/* End PBXTargetDependency section */

/* Begin XCBuildConfiguration section */
		375F55D82DA7EC800021A52D /* Debug */ = {
			isa = XCBuildConfiguration;
			buildSettings = {
				ALWAYS_SEARCH_USER_PATHS = NO;
				ASSETCATALOG_COMPILER_GENERATE_SWIFT_ASSET_SYMBOL_EXTENSIONS = YES;
				CLANG_ANALYZER_NONNULL = YES;
				CLANG_ANALYZER_NUMBER_OBJECT_CONVERSION = YES_AGGRESSIVE;
				CLANG_CXX_LANGUAGE_STANDARD = "gnu++20";
				CLANG_ENABLE_MODULES = YES;
				CLANG_ENABLE_OBJC_ARC = YES;
				CLANG_ENABLE_OBJC_WEAK = YES;
				CLANG_WARN_BLOCK_CAPTURE_AUTORELEASING = YES;
				CLANG_WARN_BOOL_CONVERSION = YES;
				CLANG_WARN_COMMA = YES;
				CLANG_WARN_CONSTANT_CONVERSION = YES;
				CLANG_WARN_DEPRECATED_OBJC_IMPLEMENTATIONS = YES;
				CLANG_WARN_DIRECT_OBJC_ISA_USAGE = YES_ERROR;
				CLANG_WARN_DOCUMENTATION_COMMENTS = YES;
				CLANG_WARN_EMPTY_BODY = YES;
				CLANG_WARN_ENUM_CONVERSION = YES;
				CLANG_WARN_INFINITE_RECURSION = YES;
				CLANG_WARN_INT_CONVERSION = YES;
				CLANG_WARN_NON_LITERAL_NULL_CONVERSION = YES;
				CLANG_WARN_OBJC_IMPLICIT_RETAIN_SELF = YES;
				CLANG_WARN_OBJC_LITERAL_CONVERSION = YES;
				CLANG_WARN_OBJC_ROOT_CLASS = YES_ERROR;
				CLANG_WARN_QUOTED_INCLUDE_IN_FRAMEWORK_HEADER = YES;
				CLANG_WARN_RANGE_LOOP_ANALYSIS = YES;
				CLANG_WARN_STRICT_PROTOTYPES = YES;
				CLANG_WARN_SUSPICIOUS_MOVE = YES;
				CLANG_WARN_UNGUARDED_AVAILABILITY = YES_AGGRESSIVE;
				CLANG_WARN_UNREACHABLE_CODE = YES;
				CLANG_WARN__DUPLICATE_METHOD_MATCH = YES;
				COPY_PHASE_STRIP = NO;
				DEBUG_INFORMATION_FORMAT = dwarf;
				ENABLE_STRICT_OBJC_MSGSEND = YES;
				ENABLE_TESTABILITY = YES;
				ENABLE_USER_SCRIPT_SANDBOXING = YES;
				GCC_C_LANGUAGE_STANDARD = gnu17;
				GCC_DYNAMIC_NO_PIC = NO;
				GCC_NO_COMMON_BLOCKS = YES;
				GCC_OPTIMIZATION_LEVEL = 0;
				GCC_PREPROCESSOR_DEFINITIONS = (
					"DEBUG=1",
					"$(inherited)",
				);
				GCC_WARN_64_TO_32_BIT_CONVERSION = YES;
				GCC_WARN_ABOUT_RETURN_TYPE = YES_ERROR;
				GCC_WARN_UNDECLARED_SELECTOR = YES;
				GCC_WARN_UNINITIALIZED_AUTOS = YES_AGGRESSIVE;
				GCC_WARN_UNUSED_FUNCTION = YES;
				GCC_WARN_UNUSED_VARIABLE = YES;
				IPHONEOS_DEPLOYMENT_TARGET = 18.2;
				LOCALIZATION_PREFERS_STRING_CATALOGS = YES;
				MTL_ENABLE_DEBUG_INFO = INCLUDE_SOURCE;
				MTL_FAST_MATH = YES;
				ONLY_ACTIVE_ARCH = YES;
				SDKROOT = iphoneos;
				SWIFT_ACTIVE_COMPILATION_CONDITIONS = "DEBUG $(inherited)";
				SWIFT_OPTIMIZATION_LEVEL = "-Onone";
			};
			name = Debug;
		};
		375F55D92DA7EC800021A52D /* Release */ = {
			isa = XCBuildConfiguration;
			buildSettings = {
				ALWAYS_SEARCH_USER_PATHS = NO;
				ASSETCATALOG_COMPILER_GENERATE_SWIFT_ASSET_SYMBOL_EXTENSIONS = YES;
				CLANG_ANALYZER_NONNULL = YES;
				CLANG_ANALYZER_NUMBER_OBJECT_CONVERSION = YES_AGGRESSIVE;
				CLANG_CXX_LANGUAGE_STANDARD = "gnu++20";
				CLANG_ENABLE_MODULES = YES;
				CLANG_ENABLE_OBJC_ARC = YES;
				CLANG_ENABLE_OBJC_WEAK = YES;
				CLANG_WARN_BLOCK_CAPTURE_AUTORELEASING = YES;
				CLANG_WARN_BOOL_CONVERSION = YES;
				CLANG_WARN_COMMA = YES;
				CLANG_WARN_CONSTANT_CONVERSION = YES;
				CLANG_WARN_DEPRECATED_OBJC_IMPLEMENTATIONS = YES;
				CLANG_WARN_DIRECT_OBJC_ISA_USAGE = YES_ERROR;
				CLANG_WARN_DOCUMENTATION_COMMENTS = YES;
				CLANG_WARN_EMPTY_BODY = YES;
				CLANG_WARN_ENUM_CONVERSION = YES;
				CLANG_WARN_INFINITE_RECURSION = YES;
				CLANG_WARN_INT_CONVERSION = YES;
				CLANG_WARN_NON_LITERAL_NULL_CONVERSION = YES;
				CLANG_WARN_OBJC_IMPLICIT_RETAIN_SELF = YES;
				CLANG_WARN_OBJC_LITERAL_CONVERSION = YES;
				CLANG_WARN_OBJC_ROOT_CLASS = YES_ERROR;
				CLANG_WARN_QUOTED_INCLUDE_IN_FRAMEWORK_HEADER = YES;
				CLANG_WARN_RANGE_LOOP_ANALYSIS = YES;
				CLANG_WARN_STRICT_PROTOTYPES = YES;
				CLANG_WARN_SUSPICIOUS_MOVE = YES;
				CLANG_WARN_UNGUARDED_AVAILABILITY = YES_AGGRESSIVE;
				CLANG_WARN_UNREACHABLE_CODE = YES;
				CLANG_WARN__DUPLICATE_METHOD_MATCH = YES;
				COPY_PHASE_STRIP = NO;
				DEBUG_INFORMATION_FORMAT = "dwarf-with-dsym";
				ENABLE_NS_ASSERTIONS = NO;
				ENABLE_STRICT_OBJC_MSGSEND = YES;
				ENABLE_USER_SCRIPT_SANDBOXING = YES;
				GCC_C_LANGUAGE_STANDARD = gnu17;
				GCC_NO_COMMON_BLOCKS = YES;
				GCC_WARN_64_TO_32_BIT_CONVERSION = YES;
				GCC_WARN_ABOUT_RETURN_TYPE = YES_ERROR;
				GCC_WARN_UNDECLARED_SELECTOR = YES;
				GCC_WARN_UNINITIALIZED_AUTOS = YES_AGGRESSIVE;
				GCC_WARN_UNUSED_FUNCTION = YES;
				GCC_WARN_UNUSED_VARIABLE = YES;
				IPHONEOS_DEPLOYMENT_TARGET = 18.2;
				LOCALIZATION_PREFERS_STRING_CATALOGS = YES;
				MTL_ENABLE_DEBUG_INFO = NO;
				MTL_FAST_MATH = YES;
				SDKROOT = iphoneos;
				SWIFT_COMPILATION_MODE = wholemodule;
				VALIDATE_PRODUCT = YES;
			};
			name = Release;
		};
		375F55DB2DA7EC800021A52D /* Debug */ = {
			isa = XCBuildConfiguration;
			buildSettings = {
				ASSETCATALOG_COMPILER_APPICON_NAME = AppIcon;
				ASSETCATALOG_COMPILER_GLOBAL_ACCENT_COLOR_NAME = AccentColor;
				CODE_SIGN_STYLE = Automatic;
				CURRENT_PROJECT_VERSION = 1;
				DEVELOPMENT_ASSET_PATHS = "\"ReceiptTracker/Preview Content\"";
				DEVELOPMENT_TEAM = 74L89997SN;
				ENABLE_PREVIEWS = YES;
				GENERATE_INFOPLIST_FILE = YES;
				INFOPLIST_KEY_UIApplicationSceneManifest_Generation = YES;
				INFOPLIST_KEY_UIApplicationSupportsIndirectInputEvents = YES;
				INFOPLIST_KEY_UILaunchScreen_Generation = YES;
				INFOPLIST_KEY_UISupportedInterfaceOrientations_iPad = "UIInterfaceOrientationPortrait UIInterfaceOrientationPortraitUpsideDown UIInterfaceOrientationLandscapeLeft UIInterfaceOrientationLandscapeRight";
				INFOPLIST_KEY_UISupportedInterfaceOrientations_iPhone = "UIInterfaceOrientationPortrait UIInterfaceOrientationLandscapeLeft UIInterfaceOrientationLandscapeRight";
				LD_RUNPATH_SEARCH_PATHS = (
					"$(inherited)",
					"@executable_path/Frameworks",
				);
				MARKETING_VERSION = 1.0;
				PRODUCT_BUNDLE_IDENTIFIER = com.pedrocosta.ReceiptTracker;
				PRODUCT_NAME = "$(TARGET_NAME)";
				SWIFT_EMIT_LOC_STRINGS = YES;
				SWIFT_VERSION = 5.0;
				TARGETED_DEVICE_FAMILY = "1,2";
			};
			name = Debug;
		};
		375F55DC2DA7EC800021A52D /* Release */ = {
			isa = XCBuildConfiguration;
			buildSettings = {
				ASSETCATALOG_COMPILER_APPICON_NAME = AppIcon;
				ASSETCATALOG_COMPILER_GLOBAL_ACCENT_COLOR_NAME = AccentColor;
				CODE_SIGN_STYLE = Automatic;
				CURRENT_PROJECT_VERSION = 1;
				DEVELOPMENT_ASSET_PATHS = "\"ReceiptTracker/Preview Content\"";
				DEVELOPMENT_TEAM = 74L89997SN;
				ENABLE_PREVIEWS = YES;
				GENERATE_INFOPLIST_FILE = YES;
				INFOPLIST_KEY_UIApplicationSceneManifest_Generation = YES;
				INFOPLIST_KEY_UIApplicationSupportsIndirectInputEvents = YES;
				INFOPLIST_KEY_UILaunchScreen_Generation = YES;
				INFOPLIST_KEY_UISupportedInterfaceOrientations_iPad = "UIInterfaceOrientationPortrait UIInterfaceOrientationPortraitUpsideDown UIInterfaceOrientationLandscapeLeft UIInterfaceOrientationLandscapeRight";
				INFOPLIST_KEY_UISupportedInterfaceOrientations_iPhone = "UIInterfaceOrientationPortrait UIInterfaceOrientationLandscapeLeft UIInterfaceOrientationLandscapeRight";
				LD_RUNPATH_SEARCH_PATHS = (
					"$(inherited)",
					"@executable_path/Frameworks",
				);
				MARKETING_VERSION = 1.0;
				PRODUCT_BUNDLE_IDENTIFIER = com.pedrocosta.ReceiptTracker;
				PRODUCT_NAME = "$(TARGET_NAME)";
				SWIFT_EMIT_LOC_STRINGS = YES;
				SWIFT_VERSION = 5.0;
				TARGETED_DEVICE_FAMILY = "1,2";
			};
			name = Release;
		};
		375F55DE2DA7EC800021A52D /* Debug */ = {
			isa = XCBuildConfiguration;
			buildSettings = {
				BUNDLE_LOADER = "$(TEST_HOST)";
				CODE_SIGN_STYLE = Automatic;
				CURRENT_PROJECT_VERSION = 1;
				DEVELOPMENT_TEAM = 74L89997SN;
				GENERATE_INFOPLIST_FILE = YES;
				IPHONEOS_DEPLOYMENT_TARGET = 18.2;
				MARKETING_VERSION = 1.0;
				PRODUCT_BUNDLE_IDENTIFIER = com.pedrocosta.ReceiptTrackerTests;
				PRODUCT_NAME = "$(TARGET_NAME)";
				SWIFT_EMIT_LOC_STRINGS = NO;
				SWIFT_VERSION = 5.0;
				TARGETED_DEVICE_FAMILY = "1,2";
				TEST_HOST = "$(BUILT_PRODUCTS_DIR)/ReceiptTracker.app/$(BUNDLE_EXECUTABLE_FOLDER_PATH)/ReceiptTracker";
			};
			name = Debug;
		};
		375F55DF2DA7EC800021A52D /* Release */ = {
			isa = XCBuildConfiguration;
			buildSettings = {
				BUNDLE_LOADER = "$(TEST_HOST)";
				CODE_SIGN_STYLE = Automatic;
				CURRENT_PROJECT_VERSION = 1;
				DEVELOPMENT_TEAM = 74L89997SN;
				GENERATE_INFOPLIST_FILE = YES;
				IPHONEOS_DEPLOYMENT_TARGET = 18.2;
				MARKETING_VERSION = 1.0;
				PRODUCT_BUNDLE_IDENTIFIER = com.pedrocosta.ReceiptTrackerTests;
				PRODUCT_NAME = "$(TARGET_NAME)";
				SWIFT_EMIT_LOC_STRINGS = NO;
				SWIFT_VERSION = 5.0;
				TARGETED_DEVICE_FAMILY = "1,2";
				TEST_HOST = "$(BUILT_PRODUCTS_DIR)/ReceiptTracker.app/$(BUNDLE_EXECUTABLE_FOLDER_PATH)/ReceiptTracker";
			};
			name = Release;
		};
		375F55E12DA7EC800021A52D /* Debug */ = {
			isa = XCBuildConfiguration;
			buildSettings = {
				CODE_SIGN_STYLE = Automatic;
				CURRENT_PROJECT_VERSION = 1;
				DEVELOPMENT_TEAM = 74L89997SN;
				GENERATE_INFOPLIST_FILE = YES;
				MARKETING_VERSION = 1.0;
				PRODUCT_BUNDLE_IDENTIFIER = com.pedrocosta.ReceiptTrackerUITests;
				PRODUCT_NAME = "$(TARGET_NAME)";
				SWIFT_EMIT_LOC_STRINGS = NO;
				SWIFT_VERSION = 5.0;
				TARGETED_DEVICE_FAMILY = "1,2";
				TEST_TARGET_NAME = ReceiptTracker;
			};
			name = Debug;
		};
		375F55E22DA7EC800021A52D /* Release */ = {
			isa = XCBuildConfiguration;
			buildSettings = {
				CODE_SIGN_STYLE = Automatic;
				CURRENT_PROJECT_VERSION = 1;
				DEVELOPMENT_TEAM = 74L89997SN;
				GENERATE_INFOPLIST_FILE = YES;
				MARKETING_VERSION = 1.0;
				PRODUCT_BUNDLE_IDENTIFIER = com.pedrocosta.ReceiptTrackerUITests;
				PRODUCT_NAME = "$(TARGET_NAME)";
				SWIFT_EMIT_LOC_STRINGS = NO;
				SWIFT_VERSION = 5.0;
				TARGETED_DEVICE_FAMILY = "1,2";
				TEST_TARGET_NAME = ReceiptTracker;
			};
			name = Release;
		};
/* End XCBuildConfiguration section */

/* Begin XCConfigurationList section */
		375F55B12DA7EC7E0021A52D /* Build configuration list for PBXProject "ReceiptTracker" */ = {
			isa = XCConfigurationList;
			buildConfigurations = (
				375F55D82DA7EC800021A52D /* Debug */,
				375F55D92DA7EC800021A52D /* Release */,
			);
			defaultConfigurationIsVisible = 0;
			defaultConfigurationName = Release;
		};
		375F55DA2DA7EC800021A52D /* Build configuration list for PBXNativeTarget "ReceiptTracker" */ = {
			isa = XCConfigurationList;
			buildConfigurations = (
				375F55DB2DA7EC800021A52D /* Debug */,
				375F55DC2DA7EC800021A52D /* Release */,
			);
			defaultConfigurationIsVisible = 0;
			defaultConfigurationName = Release;
		};
		375F55DD2DA7EC800021A52D /* Build configuration list for PBXNativeTarget "ReceiptTrackerTests" */ = {
			isa = XCConfigurationList;
			buildConfigurations = (
				375F55DE2DA7EC800021A52D /* Debug */,
				375F55DF2DA7EC800021A52D /* Release */,
			);
			defaultConfigurationIsVisible = 0;
			defaultConfigurationName = Release;
		};
		375F55E02DA7EC800021A52D /* Build configuration list for PBXNativeTarget "ReceiptTrackerUITests" */ = {
			isa = XCConfigurationList;
			buildConfigurations = (
				375F55E12DA7EC800021A52D /* Debug */,
				375F55E22DA7EC800021A52D /* Release */,
			);
			defaultConfigurationIsVisible = 0;
			defaultConfigurationName = Release;
		};
/* End XCConfigurationList section */
	};
	rootObject = 375F55AE2DA7EC7E0021A52D /* Project object */;
}
